
Microsoft Visual Studio Solution File, Format Version 12.00
# Visual Studio 15
VisualStudioVersion = 15.0.26730.12
MinimumVisualStudioVersion = 10.0.40219.1
Project("{9A19103F-16F7-4668-BE54-9A1E7A4F7556}") = "NoteShareAPI", "NoteShareAPI.csproj", "{B34ECA58-8D1B-4883-930E-CB5B287BA368}"
EndProject
Global
	GlobalSection(SolutionConfigurationPlatforms) = preSolution
		Debug|Any CPU = Debug|Any CPU
		Release|Any CPU = Release|Any CPU
	EndGlobalSection
	GlobalSection(ProjectConfigurationPlatforms) = postSolution
		{B34ECA58-8D1B-4883-930E-CB5B287BA368}.Debug|Any CPU.ActiveCfg = Debug|Any CPU
		{B34ECA58-8D1B-4883-930E-CB5B287BA368}.Debug|Any CPU.Build.0 = Debug|Any CPU
		{B34ECA58-8D1B-4883-930E-CB5B287BA368}.Release|Any CPU.ActiveCfg = Release|Any CPU
		{B34ECA58-8D1B-4883-930E-CB5B287BA368}.Release|Any CPU.Build.0 = Release|Any CPU
	EndGlobalSection
	GlobalSection(SolutionProperties) = preSolution
		HideSolutionNode = FALSE
	EndGlobalSection
	GlobalSection(ExtensibilityGlobals) = postSolution
		SolutionGuid = {20218DD8-AA99-405F-8D47-7CDC7C370999}
	EndGlobalSection
EndGlobal
